
Microsoft Visual Studio Solution File, Format Version 12.00
# Visual Studio 15
VisualStudioVersion = 15.0.28307.168
MinimumVisualStudioVersion = 10.0.40219.1
Project("{FAE04EC0-301F-11D3-BF4B-00C04F79EFBC}") = "TranslatorWPF", "TranslatorWPF\TranslatorWPF.csproj", "{58139AB9-374A-4BBC-926E-230A6B55D6EC}"
EndProject
Project("{FAE04EC0-301F-11D3-BF4B-00C04F79EFBC}") = "TranslatorWPFTests", "TranslatorWPFTests\TranslatorWPFTests.csproj", "{89660F6D-55CD-4C05-B794-AD2524612C2D}"
EndProject
Global
	GlobalSection(SolutionConfigurationPlatforms) = preSolution
		Debug|Any CPU = Debug|Any CPU
		Debug|ARM = Debug|ARM
		Debug|ARM64 = Debug|ARM64
		Debug|x64 = Debug|x64
		Debug|x86 = Debug|x86
		Release|Any CPU = Release|Any CPU
		Release|ARM = Release|ARM
		Release|ARM64 = Release|ARM64
		Release|x64 = Release|x64
		Release|x86 = Release|x86
	EndGlobalSection
	GlobalSection(ProjectConfigurationPlatforms) = postSolution
		{58139AB9-374A-4BBC-926E-230A6B55D6EC}.Debug|Any CPU.ActiveCfg = Debug|Any CPU
		{58139AB9-374A-4BBC-926E-230A6B55D6EC}.Debug|Any CPU.Build.0 = Debug|Any CPU
		{58139AB9-374A-4BBC-926E-230A6B55D6EC}.Debug|ARM.ActiveCfg = Debug|Any CPU
		{58139AB9-374A-4BBC-926E-230A6B55D6EC}.Debug|ARM.Build.0 = Debug|Any CPU
		{58139AB9-374A-4BBC-926E-230A6B55D6EC}.Debug|ARM64.ActiveCfg = Debug|Any CPU
		{58139AB9-374A-4BBC-926E-230A6B55D6EC}.Debug|ARM64.Build.0 = Debug|Any CPU
		{58139AB9-374A-4BBC-926E-230A6B55D6EC}.Debug|x64.ActiveCfg = Debug|Any CPU
		{58139AB9-374A-4BBC-926E-230A6B55D6EC}.Debug|x64.Build.0 = Debug|Any CPU
		{58139AB9-374A-4BBC-926E-230A6B55D6EC}.Debug|x86.ActiveCfg = Debug|Any CPU
		{58139AB9-374A-4BBC-926E-230A6B55D6EC}.Debug|x86.Build.0 = Debug|Any CPU
		{58139AB9-374A-4BBC-926E-230A6B55D6EC}.Release|Any CPU.ActiveCfg = Release|Any CPU
		{58139AB9-374A-4BBC-926E-230A6B55D6EC}.Release|Any CPU.Build.0 = Release|Any CPU
		{58139AB9-374A-4BBC-926E-230A6B55D6EC}.Release|ARM.ActiveCfg = Release|Any CPU
		{58139AB9-374A-4BBC-926E-230A6B55D6EC}.Release|ARM.Build.0 = Release|Any CPU
		{58139AB9-374A-4BBC-926E-230A6B55D6EC}.Release|ARM64.ActiveCfg = Release|Any CPU
		{58139AB9-374A-4BBC-926E-230A6B55D6EC}.Release|ARM64.Build.0 = Release|Any CPU
		{58139AB9-374A-4BBC-926E-230A6B55D6EC}.Release|x64.ActiveCfg = Release|Any CPU
		{58139AB9-374A-4BBC-926E-230A6B55D6EC}.Release|x64.Build.0 = Release|Any CPU
		{58139AB9-374A-4BBC-926E-230A6B55D6EC}.Release|x86.ActiveCfg = Release|Any CPU
		{58139AB9-374A-4BBC-926E-230A6B55D6EC}.Release|x86.Build.0 = Release|Any CPU
		{89660F6D-55CD-4C05-B794-AD2524612C2D}.Debug|Any CPU.ActiveCfg = Debug|Any CPU
		{89660F6D-55CD-4C05-B794-AD2524612C2D}.Debug|Any CPU.Build.0 = Debug|Any CPU
		{89660F6D-55CD-4C05-B794-AD2524612C2D}.Debug|ARM.ActiveCfg = Debug|Any CPU
		{89660F6D-55CD-4C05-B794-AD2524612C2D}.Debug|ARM.Build.0 = Debug|Any CPU
		{89660F6D-55CD-4C05-B794-AD2524612C2D}.Debug|ARM64.ActiveCfg = Debug|Any CPU
		{89660F6D-55CD-4C05-B794-AD2524612C2D}.Debug|ARM64.Build.0 = Debug|Any CPU
		{89660F6D-55CD-4C05-B794-AD2524612C2D}.Debug|x64.ActiveCfg = Debug|Any CPU
		{89660F6D-55CD-4C05-B794-AD2524612C2D}.Debug|x64.Build.0 = Debug|Any CPU
		{89660F6D-55CD-4C05-B794-AD2524612C2D}.Debug|x86.ActiveCfg = Debug|Any CPU
		{89660F6D-55CD-4C05-B794-AD2524612C2D}.Debug|x86.Build.0 = Debug|Any CPU
		{89660F6D-55CD-4C05-B794-AD2524612C2D}.Release|Any CPU.ActiveCfg = Release|Any CPU
		{89660F6D-55CD-4C05-B794-AD2524612C2D}.Release|Any CPU.Build.0 = Release|Any CPU
		{89660F6D-55CD-4C05-B794-AD2524612C2D}.Release|ARM.ActiveCfg = Release|Any CPU
		{89660F6D-55CD-4C05-B794-AD2524612C2D}.Release|ARM.Build.0 = Release|Any CPU
		{89660F6D-55CD-4C05-B794-AD2524612C2D}.Release|ARM64.ActiveCfg = Release|Any CPU
		{89660F6D-55CD-4C05-B794-AD2524612C2D}.Release|ARM64.Build.0 = Release|Any CPU
		{89660F6D-55CD-4C05-B794-AD2524612C2D}.Release|x64.ActiveCfg = Release|Any CPU
		{89660F6D-55CD-4C05-B794-AD2524612C2D}.Release|x64.Build.0 = Release|Any CPU
		{89660F6D-55CD-4C05-B794-AD2524612C2D}.Release|x86.ActiveCfg = Release|Any CPU
		{89660F6D-55CD-4C05-B794-AD2524612C2D}.Release|x86.Build.0 = Release|Any CPU
	EndGlobalSection
	GlobalSection(SolutionProperties) = preSolution
		HideSolutionNode = FALSE
	EndGlobalSection
	GlobalSection(ExtensibilityGlobals) = postSolution
		SolutionGuid = {9DC4F5AE-3844-4A71-AF15-6E2F79938D37}
	EndGlobalSection
EndGlobal
